
Microsoft Visual Studio Solution File, Format Version 12.00
# Visual Studio Version 16
VisualStudioVersion = 16.0.32901.82
MinimumVisualStudioVersion = 10.0.40219.1
Project("{FAE04EC0-301F-11D3-BF4B-00C04F79EFBC}") = "Secao13", "Secao13\Secao13.csproj", "{B739A85C-A528-4F26-B582-B3F5861DAD4C}"
EndProject
Global
	GlobalSection(SolutionConfigurationPlatforms) = preSolution
		Debug|Any CPU = Debug|Any CPU
		Release|Any CPU = Release|Any CPU
	EndGlobalSection
	GlobalSection(ProjectConfigurationPlatforms) = postSolution
		{B739A85C-A528-4F26-B582-B3F5861DAD4C}.Debug|Any CPU.ActiveCfg = Debug|Any CPU
		{B739A85C-A528-4F26-B582-B3F5861DAD4C}.Debug|Any CPU.Build.0 = Debug|Any CPU
		{B739A85C-A528-4F26-B582-B3F5861DAD4C}.Release|Any CPU.ActiveCfg = Release|Any CPU
		{B739A85C-A528-4F26-B582-B3F5861DAD4C}.Release|Any CPU.Build.0 = Release|Any CPU
	EndGlobalSection
	GlobalSection(SolutionProperties) = preSolution
		HideSolutionNode = FALSE
	EndGlobalSection
	GlobalSection(ExtensibilityGlobals) = postSolution
		SolutionGuid = {864A8782-16F1-437F-A231-B376BF96BE8D}
	EndGlobalSection
EndGlobal
